
Microsoft Visual Studio Solution File, Format Version 10.00
# Visual Studio 2008
Project("{FAE04EC0-301F-11D3-BF4B-00C04F79EFBC}") = "MonoDevelop.GtkCore2.xbuild", "MonoDevelop.GtkCore2.xbuild.csproj", "{4F2E994F-E4F5-407A-8D80-80E3377DEF6E}"
EndProject
Global
	GlobalSection(SolutionConfigurationPlatforms) = preSolution
		Debug|Any CPU = Debug|Any CPU
		Release|Any CPU = Release|Any CPU
	EndGlobalSection
	GlobalSection(ProjectConfigurationPlatforms) = postSolution
		{4F2E994F-E4F5-407A-8D80-80E3377DEF6E}.Debug|Any CPU.ActiveCfg = Debug|Any CPU
		{4F2E994F-E4F5-407A-8D80-80E3377DEF6E}.Debug|Any CPU.Build.0 = Debug|Any CPU
		{4F2E994F-E4F5-407A-8D80-80E3377DEF6E}.Release|Any CPU.ActiveCfg = Release|Any CPU
		{4F2E994F-E4F5-407A-8D80-80E3377DEF6E}.Release|Any CPU.Build.0 = Release|Any CPU
	EndGlobalSection
	GlobalSection(MonoDevelopProperties) = preSolution
		StartupItem = MonoDevelop.GtkCore2.xbuild.csproj
	EndGlobalSection
EndGlobal
